// !$*UTF8*$!
{
	archiveVersion = 1;
	classes = {
	};
	objectVersion = 56;
	objects = {

/* Begin PBXBuildFile section */
		14ED255E2B81B5B9003515C0 /* AppDelegate.swift in Sources */ = {isa = PBXBuildFile; fileRef = 14ED255D2B81B5B9003515C0 /* AppDelegate.swift */; };
		14ED25602B81B5B9003515C0 /* SceneDelegate.swift in Sources */ = {isa = PBXBuildFile; fileRef = 14ED255F2B81B5B9003515C0 /* SceneDelegate.swift */; };
		14ED25672B81B5BA003515C0 /* Assets.xcassets in Resources */ = {isa = PBXBuildFile; fileRef = 14ED25662B81B5BA003515C0 /* Assets.xcassets */; };
		14ED256A2B81B5BA003515C0 /* LaunchScreen.storyboard in Resources */ = {isa = PBXBuildFile; fileRef = 14ED25682B81B5BA003515C0 /* LaunchScreen.storyboard */; };
		14ED25772B81B5F1003515C0 /* Splash.storyboard in Resources */ = {isa = PBXBuildFile; fileRef = 14ED25762B81B5F1003515C0 /* Splash.storyboard */; };
		14ED257C2B81B623003515C0 /* SplashView.swift in Sources */ = {isa = PBXBuildFile; fileRef = 14ED257B2B81B623003515C0 /* SplashView.swift */; };
		14ED257E2B81B640003515C0 /* SplashViewController.swift in Sources */ = {isa = PBXBuildFile; fileRef = 14ED257D2B81B640003515C0 /* SplashViewController.swift */; };
		14ED25802B81B657003515C0 /* SplashViewControllerBuilder.swift in Sources */ = {isa = PBXBuildFile; fileRef = 14ED257F2B81B657003515C0 /* SplashViewControllerBuilder.swift */; };
		14ED25832B81B67F003515C0 /* Lottie in Frameworks */ = {isa = PBXBuildFile; productRef = 14ED25822B81B67F003515C0 /* Lottie */; };
		14ED25852B81B6A8003515C0 /* splash_animation.json in Resources */ = {isa = PBXBuildFile; fileRef = 14ED25842B81B6A8003515C0 /* splash_animation.json */; };
		14ED258B2B81BB15003515C0 /* Configuration.swift in Sources */ = {isa = PBXBuildFile; fileRef = 14ED258A2B81BB15003515C0 /* Configuration.swift */; };
		14ED258F2B81BD30003515C0 /* Login.storyboard in Resources */ = {isa = PBXBuildFile; fileRef = 14ED258E2B81BD30003515C0 /* Login.storyboard */; };
		14ED25912B81BD41003515C0 /* LoginView.swift in Sources */ = {isa = PBXBuildFile; fileRef = 14ED25902B81BD41003515C0 /* LoginView.swift */; };
		14ED25932B81BD49003515C0 /* LoginViewController.swift in Sources */ = {isa = PBXBuildFile; fileRef = 14ED25922B81BD49003515C0 /* LoginViewController.swift */; };
		14ED25952B81BD55003515C0 /* LoginViewControllerBuilder.swift in Sources */ = {isa = PBXBuildFile; fileRef = 14ED25942B81BD55003515C0 /* LoginViewControllerBuilder.swift */; };
		14ED25972B81BF2E003515C0 /* Onboarding.storyboard in Resources */ = {isa = PBXBuildFile; fileRef = 14ED25962B81BF2E003515C0 /* Onboarding.storyboard */; };
		14ED259A2B81BF4A003515C0 /* OnboardingView.swift in Sources */ = {isa = PBXBuildFile; fileRef = 14ED25992B81BF4A003515C0 /* OnboardingView.swift */; };
		14ED259C2B81BF52003515C0 /* OnboardingViewController.swift in Sources */ = {isa = PBXBuildFile; fileRef = 14ED259B2B81BF52003515C0 /* OnboardingViewController.swift */; };
		14ED259E2B81BF5E003515C0 /* OnboardingViewControllerBuilder.swift in Sources */ = {isa = PBXBuildFile; fileRef = 14ED259D2B81BF5E003515C0 /* OnboardingViewControllerBuilder.swift */; };
		14ED25A02B81C23E003515C0 /* Memories.swift in Sources */ = {isa = PBXBuildFile; fileRef = 14ED259F2B81C23E003515C0 /* Memories.swift */; };
		14ED25A32B81C9C0003515C0 /* TabBarViewControllerBuilder.swift in Sources */ = {isa = PBXBuildFile; fileRef = 14ED25A22B81C9C0003515C0 /* TabBarViewControllerBuilder.swift */; };
		14ED25A62B81C9D2003515C0 /* TabBarViewController.swift in Sources */ = {isa = PBXBuildFile; fileRef = 14ED25A52B81C9D2003515C0 /* TabBarViewController.swift */; };
		14ED25A82B81CA30003515C0 /* TabBar.storyboard in Resources */ = {isa = PBXBuildFile; fileRef = 14ED25A72B81CA30003515C0 /* TabBar.storyboard */; };
		14ED25AB2B81CACB003515C0 /* DashboardView.swift in Sources */ = {isa = PBXBuildFile; fileRef = 14ED25AA2B81CACB003515C0 /* DashboardView.swift */; };
		14ED25AD2B81CAD8003515C0 /* DashboardViewController.swift in Sources */ = {isa = PBXBuildFile; fileRef = 14ED25AC2B81CAD8003515C0 /* DashboardViewController.swift */; };
		14ED25AF2B81CAE1003515C0 /* DashboardViewControllerBuilder.swift in Sources */ = {isa = PBXBuildFile; fileRef = 14ED25AE2B81CAE1003515C0 /* DashboardViewControllerBuilder.swift */; };
		14ED25B12B81CCE6003515C0 /* Dashboard.storyboard in Resources */ = {isa = PBXBuildFile; fileRef = 14ED25B02B81CCE6003515C0 /* Dashboard.storyboard */; };
		14ED25B62B81D61C003515C0 /* GestureManager.swift in Sources */ = {isa = PBXBuildFile; fileRef = 14ED25B52B81D61C003515C0 /* GestureManager.swift */; };
		14ED25B82B81D81F003515C0 /* KeyboardManager.swift in Sources */ = {isa = PBXBuildFile; fileRef = 14ED25B72B81D81F003515C0 /* KeyboardManager.swift */; };
		14ED25BB2B81E6AF003515C0 /* TransfersView.swift in Sources */ = {isa = PBXBuildFile; fileRef = 14ED25BA2B81E6AF003515C0 /* TransfersView.swift */; };
		14ED25BD2B81E6B7003515C0 /* TransfersViewController.swift in Sources */ = {isa = PBXBuildFile; fileRef = 14ED25BC2B81E6B7003515C0 /* TransfersViewController.swift */; };
		14ED25BF2B81E6C1003515C0 /* TransfersViewControllerBuilder.swift in Sources */ = {isa = PBXBuildFile; fileRef = 14ED25BE2B81E6C1003515C0 /* TransfersViewControllerBuilder.swift */; };
		14ED25C12B81E753003515C0 /* Transfers.storyboard in Resources */ = {isa = PBXBuildFile; fileRef = 14ED25C02B81E753003515C0 /* Transfers.storyboard */; };
		14ED25C42B81EBB1003515C0 /* userMock.json in Resources */ = {isa = PBXBuildFile; fileRef = 14ED25C32B81EBB1003515C0 /* userMock.json */; };
		14ED25C62B81EC7F003515C0 /* UserResponse.swift in Sources */ = {isa = PBXBuildFile; fileRef = 14ED25C52B81EC7F003515C0 /* UserResponse.swift */; };
		14ED25C82B81ECCD003515C0 /* FileManager.swift in Sources */ = {isa = PBXBuildFile; fileRef = 14ED25C72B81ECCD003515C0 /* FileManager.swift */; };
		14ED25CB2B81ED3B003515C0 /* UserMock.swift in Sources */ = {isa = PBXBuildFile; fileRef = 14ED25CA2B81ED3B003515C0 /* UserMock.swift */; };
		14ED25CD2B81ED72003515C0 /* ServicesHandlers.swift in Sources */ = {isa = PBXBuildFile; fileRef = 14ED25CC2B81ED72003515C0 /* ServicesHandlers.swift */; };
		14ED25CF2B81F680003515C0 /* StringManager.swift in Sources */ = {isa = PBXBuildFile; fileRef = 14ED25CE2B81F680003515C0 /* StringManager.swift */; };
		14ED25D22B81FB6D003515C0 /* User.swift in Sources */ = {isa = PBXBuildFile; fileRef = 14ED25D12B81FB6D003515C0 /* User.swift */; };
		14ED25D62B82C5CF003515C0 /* ImageDownloadManager.swift in Sources */ = {isa = PBXBuildFile; fileRef = 14ED25D52B82C5CF003515C0 /* ImageDownloadManager.swift */; };
		14FABBE12B8334E00024202E /* Offers.storyboard in Resources */ = {isa = PBXBuildFile; fileRef = 14FABBE02B8334E00024202E /* Offers.storyboard */; };
		14FABBE42B8334FC0024202E /* OffersView.swift in Sources */ = {isa = PBXBuildFile; fileRef = 14FABBE32B8334FC0024202E /* OffersView.swift */; };
		14FABBE62B8335140024202E /* OffersViewController.swift in Sources */ = {isa = PBXBuildFile; fileRef = 14FABBE52B8335140024202E /* OffersViewController.swift */; };
		14FABBE82B8335200024202E /* OffersViewControllerBuilder.swift in Sources */ = {isa = PBXBuildFile; fileRef = 14FABBE72B8335200024202E /* OffersViewControllerBuilder.swift */; };
		14FABBEB2B8339140024202E /* ListOffersAdapter.swift in Sources */ = {isa = PBXBuildFile; fileRef = 14FABBEA2B8339140024202E /* ListOffersAdapter.swift */; };
		14FABBEE2B833B510024202E /* OffersMock.swift in Sources */ = {isa = PBXBuildFile; fileRef = 14FABBED2B833B510024202E /* OffersMock.swift */; };
		14FABBF02B833B810024202E /* OffersResponse.swift in Sources */ = {isa = PBXBuildFile; fileRef = 14FABBEF2B833B810024202E /* OffersResponse.swift */; };
		14FABBF22B833BBF0024202E /* Offer.swift in Sources */ = {isa = PBXBuildFile; fileRef = 14FABBF12B833BBF0024202E /* Offer.swift */; };
		14FABBF42B833C4E0024202E /* offersMock.json in Resources */ = {isa = PBXBuildFile; fileRef = 14FABBF32B833C4E0024202E /* offersMock.json */; };
		14FABBF62B833F610024202E /* ListOfferCollectionViewCell.swift in Sources */ = {isa = PBXBuildFile; fileRef = 14FABBF52B833F610024202E /* ListOfferCollectionViewCell.swift */; };
		14FABBF92B8344840024202E /* ErrorCollectionViewCell.swift in Sources */ = {isa = PBXBuildFile; fileRef = 14FABBF82B8344840024202E /* ErrorCollectionViewCell.swift */; };
/* End PBXBuildFile section */

/* Begin PBXFileReference section */
		14ED255A2B81B5B9003515C0 /* myBank-v0.app */ = {isa = PBXFileReference; explicitFileType = wrapper.application; includeInIndex = 0; path = "myBank-v0.app"; sourceTree = BUILT_PRODUCTS_DIR; };
		14ED255D2B81B5B9003515C0 /* AppDelegate.swift */ = {isa = PBXFileReference; lastKnownFileType = sourcecode.swift; path = AppDelegate.swift; sourceTree = "<group>"; };
		14ED255F2B81B5B9003515C0 /* SceneDelegate.swift */ = {isa = PBXFileReference; lastKnownFileType = sourcecode.swift; path = SceneDelegate.swift; sourceTree = "<group>"; };
		14ED25662B81B5BA003515C0 /* Assets.xcassets */ = {isa = PBXFileReference; lastKnownFileType = folder.assetcatalog; path = Assets.xcassets; sourceTree = "<group>"; };
		14ED25692B81B5BA003515C0 /* Base */ = {isa = PBXFileReference; lastKnownFileType = file.storyboard; name = Base; path = Base.lproj/LaunchScreen.storyboard; sourceTree = "<group>"; };
		14ED256B2B81B5BA003515C0 /* Info.plist */ = {isa = PBXFileReference; lastKnownFileType = text.plist.xml; path = Info.plist; sourceTree = "<group>"; };
		14ED25762B81B5F1003515C0 /* Splash.storyboard */ = {isa = PBXFileReference; lastKnownFileType = file.storyboard; path = Splash.storyboard; sourceTree = "<group>"; };
		14ED257B2B81B623003515C0 /* SplashView.swift */ = {isa = PBXFileReference; lastKnownFileType = sourcecode.swift; path = SplashView.swift; sourceTree = "<group>"; };
		14ED257D2B81B640003515C0 /* SplashViewController.swift */ = {isa = PBXFileReference; lastKnownFileType = sourcecode.swift; path = SplashViewController.swift; sourceTree = "<group>"; };
		14ED257F2B81B657003515C0 /* SplashViewControllerBuilder.swift */ = {isa = PBXFileReference; lastKnownFileType = sourcecode.swift; path = SplashViewControllerBuilder.swift; sourceTree = "<group>"; };
		14ED25842B81B6A8003515C0 /* splash_animation.json */ = {isa = PBXFileReference; fileEncoding = 4; lastKnownFileType = text.json; path = splash_animation.json; sourceTree = "<group>"; };
		14ED258A2B81BB15003515C0 /* Configuration.swift */ = {isa = PBXFileReference; lastKnownFileType = sourcecode.swift; path = Configuration.swift; sourceTree = "<group>"; };
		14ED258E2B81BD30003515C0 /* Login.storyboard */ = {isa = PBXFileReference; lastKnownFileType = file.storyboard; path = Login.storyboard; sourceTree = "<group>"; };
		14ED25902B81BD41003515C0 /* LoginView.swift */ = {isa = PBXFileReference; lastKnownFileType = sourcecode.swift; path = LoginView.swift; sourceTree = "<group>"; };
		14ED25922B81BD49003515C0 /* LoginViewController.swift */ = {isa = PBXFileReference; lastKnownFileType = sourcecode.swift; path = LoginViewController.swift; sourceTree = "<group>"; };
		14ED25942B81BD55003515C0 /* LoginViewControllerBuilder.swift */ = {isa = PBXFileReference; lastKnownFileType = sourcecode.swift; path = LoginViewControllerBuilder.swift; sourceTree = "<group>"; };
		14ED25962B81BF2E003515C0 /* Onboarding.storyboard */ = {isa = PBXFileReference; lastKnownFileType = file.storyboard; path = Onboarding.storyboard; sourceTree = "<group>"; };
		14ED25992B81BF4A003515C0 /* OnboardingView.swift */ = {isa = PBXFileReference; lastKnownFileType = sourcecode.swift; path = OnboardingView.swift; sourceTree = "<group>"; };
		14ED259B2B81BF52003515C0 /* OnboardingViewController.swift */ = {isa = PBXFileReference; lastKnownFileType = sourcecode.swift; path = OnboardingViewController.swift; sourceTree = "<group>"; };
		14ED259D2B81BF5E003515C0 /* OnboardingViewControllerBuilder.swift */ = {isa = PBXFileReference; lastKnownFileType = sourcecode.swift; path = OnboardingViewControllerBuilder.swift; sourceTree = "<group>"; };
		14ED259F2B81C23E003515C0 /* Memories.swift */ = {isa = PBXFileReference; lastKnownFileType = sourcecode.swift; path = Memories.swift; sourceTree = "<group>"; };
		14ED25A22B81C9C0003515C0 /* TabBarViewControllerBuilder.swift */ = {isa = PBXFileReference; lastKnownFileType = sourcecode.swift; path = TabBarViewControllerBuilder.swift; sourceTree = "<group>"; };
		14ED25A52B81C9D2003515C0 /* TabBarViewController.swift */ = {isa = PBXFileReference; lastKnownFileType = sourcecode.swift; path = TabBarViewController.swift; sourceTree = "<group>"; };
		14ED25A72B81CA30003515C0 /* TabBar.storyboard */ = {isa = PBXFileReference; lastKnownFileType = file.storyboard; path = TabBar.storyboard; sourceTree = "<group>"; };
		14ED25AA2B81CACB003515C0 /* DashboardView.swift */ = {isa = PBXFileReference; lastKnownFileType = sourcecode.swift; path = DashboardView.swift; sourceTree = "<group>"; };
		14ED25AC2B81CAD8003515C0 /* DashboardViewController.swift */ = {isa = PBXFileReference; lastKnownFileType = sourcecode.swift; path = DashboardViewController.swift; sourceTree = "<group>"; };
		14ED25AE2B81CAE1003515C0 /* DashboardViewControllerBuilder.swift */ = {isa = PBXFileReference; lastKnownFileType = sourcecode.swift; path = DashboardViewControllerBuilder.swift; sourceTree = "<group>"; };
		14ED25B02B81CCE6003515C0 /* Dashboard.storyboard */ = {isa = PBXFileReference; lastKnownFileType = file.storyboard; path = Dashboard.storyboard; sourceTree = "<group>"; };
		14ED25B52B81D61C003515C0 /* GestureManager.swift */ = {isa = PBXFileReference; lastKnownFileType = sourcecode.swift; path = GestureManager.swift; sourceTree = "<group>"; };
		14ED25B72B81D81F003515C0 /* KeyboardManager.swift */ = {isa = PBXFileReference; lastKnownFileType = sourcecode.swift; path = KeyboardManager.swift; sourceTree = "<group>"; };
		14ED25BA2B81E6AF003515C0 /* TransfersView.swift */ = {isa = PBXFileReference; lastKnownFileType = sourcecode.swift; path = TransfersView.swift; sourceTree = "<group>"; };
		14ED25BC2B81E6B7003515C0 /* TransfersViewController.swift */ = {isa = PBXFileReference; lastKnownFileType = sourcecode.swift; path = TransfersViewController.swift; sourceTree = "<group>"; };
		14ED25BE2B81E6C1003515C0 /* TransfersViewControllerBuilder.swift */ = {isa = PBXFileReference; lastKnownFileType = sourcecode.swift; path = TransfersViewControllerBuilder.swift; sourceTree = "<group>"; };
		14ED25C02B81E753003515C0 /* Transfers.storyboard */ = {isa = PBXFileReference; lastKnownFileType = file.storyboard; path = Transfers.storyboard; sourceTree = "<group>"; };
		14ED25C32B81EBB1003515C0 /* userMock.json */ = {isa = PBXFileReference; lastKnownFileType = text.json; path = userMock.json; sourceTree = "<group>"; };
		14ED25C52B81EC7F003515C0 /* UserResponse.swift */ = {isa = PBXFileReference; lastKnownFileType = sourcecode.swift; path = UserResponse.swift; sourceTree = "<group>"; };
		14ED25C72B81ECCD003515C0 /* FileManager.swift */ = {isa = PBXFileReference; lastKnownFileType = sourcecode.swift; path = FileManager.swift; sourceTree = "<group>"; };
		14ED25CA2B81ED3B003515C0 /* UserMock.swift */ = {isa = PBXFileReference; lastKnownFileType = sourcecode.swift; path = UserMock.swift; sourceTree = "<group>"; };
		14ED25CC2B81ED72003515C0 /* ServicesHandlers.swift */ = {isa = PBXFileReference; lastKnownFileType = sourcecode.swift; path = ServicesHandlers.swift; sourceTree = "<group>"; };
		14ED25CE2B81F680003515C0 /* StringManager.swift */ = {isa = PBXFileReference; lastKnownFileType = sourcecode.swift; path = StringManager.swift; sourceTree = "<group>"; };
		14ED25D12B81FB6D003515C0 /* User.swift */ = {isa = PBXFileReference; lastKnownFileType = sourcecode.swift; path = User.swift; sourceTree = "<group>"; };
		14ED25D52B82C5CF003515C0 /* ImageDownloadManager.swift */ = {isa = PBXFileReference; lastKnownFileType = sourcecode.swift; path = ImageDownloadManager.swift; sourceTree = "<group>"; };
		14FABBE02B8334E00024202E /* Offers.storyboard */ = {isa = PBXFileReference; lastKnownFileType = file.storyboard; path = Offers.storyboard; sourceTree = "<group>"; };
		14FABBE32B8334FC0024202E /* OffersView.swift */ = {isa = PBXFileReference; lastKnownFileType = sourcecode.swift; path = OffersView.swift; sourceTree = "<group>"; };
		14FABBE52B8335140024202E /* OffersViewController.swift */ = {isa = PBXFileReference; lastKnownFileType = sourcecode.swift; path = OffersViewController.swift; sourceTree = "<group>"; };
		14FABBE72B8335200024202E /* OffersViewControllerBuilder.swift */ = {isa = PBXFileReference; lastKnownFileType = sourcecode.swift; path = OffersViewControllerBuilder.swift; sourceTree = "<group>"; };
		14FABBEA2B8339140024202E /* ListOffersAdapter.swift */ = {isa = PBXFileReference; lastKnownFileType = sourcecode.swift; path = ListOffersAdapter.swift; sourceTree = "<group>"; };
		14FABBED2B833B510024202E /* OffersMock.swift */ = {isa = PBXFileReference; lastKnownFileType = sourcecode.swift; path = OffersMock.swift; sourceTree = "<group>"; };
		14FABBEF2B833B810024202E /* OffersResponse.swift */ = {isa = PBXFileReference; lastKnownFileType = sourcecode.swift; path = OffersResponse.swift; sourceTree = "<group>"; };
		14FABBF12B833BBF0024202E /* Offer.swift */ = {isa = PBXFileReference; lastKnownFileType = sourcecode.swift; path = Offer.swift; sourceTree = "<group>"; };
		14FABBF32B833C4E0024202E /* offersMock.json */ = {isa = PBXFileReference; lastKnownFileType = text.json; path = offersMock.json; sourceTree = "<group>"; };
		14FABBF52B833F610024202E /* ListOfferCollectionViewCell.swift */ = {isa = PBXFileReference; lastKnownFileType = sourcecode.swift; path = ListOfferCollectionViewCell.swift; sourceTree = "<group>"; };
		14FABBF82B8344840024202E /* ErrorCollectionViewCell.swift */ = {isa = PBXFileReference; lastKnownFileType = sourcecode.swift; path = ErrorCollectionViewCell.swift; sourceTree = "<group>"; };
/* End PBXFileReference section */

/* Begin PBXFrameworksBuildPhase section */
		14ED25572B81B5B9003515C0 /* Frameworks */ = {
			isa = PBXFrameworksBuildPhase;
			buildActionMask = 2147483647;
			files = (
				14ED25832B81B67F003515C0 /* Lottie in Frameworks */,
			);
			runOnlyForDeploymentPostprocessing = 0;
		};
/* End PBXFrameworksBuildPhase section */

/* Begin PBXGroup section */
		14ED25512B81B5B8003515C0 = {
			isa = PBXGroup;
			children = (
				14ED255C2B81B5B9003515C0 /* myBank-v0 */,
				14ED255B2B81B5B9003515C0 /* Products */,
			);
			sourceTree = "<group>";
		};
		14ED255B2B81B5B9003515C0 /* Products */ = {
			isa = PBXGroup;
			children = (
				14ED255A2B81B5B9003515C0 /* myBank-v0.app */,
			);
			name = Products;
			sourceTree = "<group>";
		};
		14ED255C2B81B5B9003515C0 /* myBank-v0 */ = {
			isa = PBXGroup;
			children = (
				14ED25862B81BA1D003515C0 /* Helpers */,
				14ED25712B81B5BD003515C0 /* iPhone */,
				14ED25D02B81FB61003515C0 /* Entities */,
				14ED25B32B81D1A2003515C0 /* DTO */,
				14ED25B22B81D194003515C0 /* WebServices */,
				14ED25C92B81ECFB003515C0 /* DataAccess */,
				14ED255D2B81B5B9003515C0 /* AppDelegate.swift */,
				14ED255F2B81B5B9003515C0 /* SceneDelegate.swift */,
				14ED25662B81B5BA003515C0 /* Assets.xcassets */,
				14ED25682B81B5BA003515C0 /* LaunchScreen.storyboard */,
				14ED256B2B81B5BA003515C0 /* Info.plist */,
			);
			path = "myBank-v0";
			sourceTree = "<group>";
		};
		14ED25712B81B5BD003515C0 /* iPhone */ = {
			isa = PBXGroup;
			children = (
				14ED25742B81B5D9003515C0 /* Resources */,
				14ED25732B81B5D2003515C0 /* Storyboards */,
				14ED25722B81B5CE003515C0 /* Classes */,
			);
			path = iPhone;
			sourceTree = "<group>";
		};
		14ED25722B81B5CE003515C0 /* Classes */ = {
			isa = PBXGroup;
			children = (
				14ED25752B81B5E2003515C0 /* Splash */,
				14ED25982B81BF3B003515C0 /* Onboarding */,
				14ED258C2B81BD1C003515C0 /* Login */,
				14ED25A12B81C9A4003515C0 /* TabBar */,
			);
			path = Classes;
			sourceTree = "<group>";
		};
		14ED25732B81B5D2003515C0 /* Storyboards */ = {
			isa = PBXGroup;
			children = (
				14ED25762B81B5F1003515C0 /* Splash.storyboard */,
				14ED25962B81BF2E003515C0 /* Onboarding.storyboard */,
				14ED258E2B81BD30003515C0 /* Login.storyboard */,
				14ED25A72B81CA30003515C0 /* TabBar.storyboard */,
				14ED25B02B81CCE6003515C0 /* Dashboard.storyboard */,
				14ED25C02B81E753003515C0 /* Transfers.storyboard */,
				14FABBE02B8334E00024202E /* Offers.storyboard */,
			);
			path = Storyboards;
			sourceTree = "<group>";
		};
		14ED25742B81B5D9003515C0 /* Resources */ = {
			isa = PBXGroup;
			children = (
				14ED25782B81B5F7003515C0 /* Lotties */,
			);
			path = Resources;
			sourceTree = "<group>";
		};
		14ED25752B81B5E2003515C0 /* Splash */ = {
			isa = PBXGroup;
			children = (
				14ED257B2B81B623003515C0 /* SplashView.swift */,
				14ED257D2B81B640003515C0 /* SplashViewController.swift */,
				14ED257F2B81B657003515C0 /* SplashViewControllerBuilder.swift */,
			);
			path = Splash;
			sourceTree = "<group>";
		};
		14ED25782B81B5F7003515C0 /* Lotties */ = {
			isa = PBXGroup;
			children = (
				14ED25842B81B6A8003515C0 /* splash_animation.json */,
			);
			path = Lotties;
			sourceTree = "<group>";
		};
		14ED25862B81BA1D003515C0 /* Helpers */ = {
			isa = PBXGroup;
			children = (
				14FABBF72B8344760024202E /* Generic */,
				14ED258A2B81BB15003515C0 /* Configuration.swift */,
				14ED259F2B81C23E003515C0 /* Memories.swift */,
				14ED25B52B81D61C003515C0 /* GestureManager.swift */,
				14ED25B72B81D81F003515C0 /* KeyboardManager.swift */,
				14ED25C72B81ECCD003515C0 /* FileManager.swift */,
				14ED25CE2B81F680003515C0 /* StringManager.swift */,
				14ED25D52B82C5CF003515C0 /* ImageDownloadManager.swift */,
			);
			path = Helpers;
			sourceTree = "<group>";
		};
		14ED258C2B81BD1C003515C0 /* Login */ = {
			isa = PBXGroup;
			children = (
				14ED25902B81BD41003515C0 /* LoginView.swift */,
				14ED25922B81BD49003515C0 /* LoginViewController.swift */,
				14ED25942B81BD55003515C0 /* LoginViewControllerBuilder.swift */,
			);
			path = Login;
			sourceTree = "<group>";
		};
		14ED25982B81BF3B003515C0 /* Onboarding */ = {
			isa = PBXGroup;
			children = (
				14ED25992B81BF4A003515C0 /* OnboardingView.swift */,
				14ED259B2B81BF52003515C0 /* OnboardingViewController.swift */,
				14ED259D2B81BF5E003515C0 /* OnboardingViewControllerBuilder.swift */,
			);
			path = Onboarding;
			sourceTree = "<group>";
		};
		14ED25A12B81C9A4003515C0 /* TabBar */ = {
			isa = PBXGroup;
			children = (
				14ED25A92B81CAA9003515C0 /* Dashboard */,
				14ED25B92B81E65D003515C0 /* Transfers */,
				14FABBE22B8334EE0024202E /* Offers */,
				14ED25A52B81C9D2003515C0 /* TabBarViewController.swift */,
				14ED25A22B81C9C0003515C0 /* TabBarViewControllerBuilder.swift */,
			);
			path = TabBar;
			sourceTree = "<group>";
		};
		14ED25A92B81CAA9003515C0 /* Dashboard */ = {
			isa = PBXGroup;
			children = (
				14ED25AA2B81CACB003515C0 /* DashboardView.swift */,
				14ED25AC2B81CAD8003515C0 /* DashboardViewController.swift */,
				14ED25AE2B81CAE1003515C0 /* DashboardViewControllerBuilder.swift */,
			);
			path = Dashboard;
			sourceTree = "<group>";
		};
		14ED25B22B81D194003515C0 /* WebServices */ = {
			isa = PBXGroup;
			children = (
				14ED25C22B81EB92003515C0 /* Mocks */,
				14ED25CC2B81ED72003515C0 /* ServicesHandlers.swift */,
			);
			path = WebServices;
			sourceTree = "<group>";
		};
		14ED25B32B81D1A2003515C0 /* DTO */ = {
			isa = PBXGroup;
			children = (
				14ED25C52B81EC7F003515C0 /* UserResponse.swift */,
				14FABBEF2B833B810024202E /* OffersResponse.swift */,
			);
			path = DTO;
			sourceTree = "<group>";
		};
		14ED25B92B81E65D003515C0 /* Transfers */ = {
			isa = PBXGroup;
			children = (
				14ED25BA2B81E6AF003515C0 /* TransfersView.swift */,
				14ED25BC2B81E6B7003515C0 /* TransfersViewController.swift */,
				14ED25BE2B81E6C1003515C0 /* TransfersViewControllerBuilder.swift */,
			);
			path = Transfers;
			sourceTree = "<group>";
		};
		14ED25C22B81EB92003515C0 /* Mocks */ = {
			isa = PBXGroup;
			children = (
				14ED25C32B81EBB1003515C0 /* userMock.json */,
				14FABBF32B833C4E0024202E /* offersMock.json */,
			);
			path = Mocks;
			sourceTree = "<group>";
		};
		14ED25C92B81ECFB003515C0 /* DataAccess */ = {
			isa = PBXGroup;
			children = (
				14ED25CA2B81ED3B003515C0 /* UserMock.swift */,
				14FABBED2B833B510024202E /* OffersMock.swift */,
			);
			path = DataAccess;
			sourceTree = "<group>";
		};
		14ED25D02B81FB61003515C0 /* Entities */ = {
			isa = PBXGroup;
			children = (
				14ED25D12B81FB6D003515C0 /* User.swift */,
				14FABBF12B833BBF0024202E /* Offer.swift */,
			);
			path = Entities;
			sourceTree = "<group>";
		};
		14FABBE22B8334EE0024202E /* Offers */ = {
			isa = PBXGroup;
			children = (
				14FABBEC2B833A8B0024202E /* Cells */,
				14FABBE92B8338F80024202E /* Adapters */,
				14FABBE32B8334FC0024202E /* OffersView.swift */,
				14FABBE52B8335140024202E /* OffersViewController.swift */,
				14FABBE72B8335200024202E /* OffersViewControllerBuilder.swift */,
			);
			path = Offers;
			sourceTree = "<group>";
		};
		14FABBE92B8338F80024202E /* Adapters */ = {
			isa = PBXGroup;
			children = (
				14FABBEA2B8339140024202E /* ListOffersAdapter.swift */,
			);
			path = Adapters;
			sourceTree = "<group>";
		};
		14FABBEC2B833A8B0024202E /* Cells */ = {
			isa = PBXGroup;
			children = (
				14FABBF52B833F610024202E /* ListOfferCollectionViewCell.swift */,
			);
			path = Cells;
			sourceTree = "<group>";
		};
		14FABBF72B8344760024202E /* Generic */ = {
			isa = PBXGroup;
			children = (
				14FABBF82B8344840024202E /* ErrorCollectionViewCell.swift */,
			);
			path = Generic;
			sourceTree = "<group>";
		};
/* End PBXGroup section */

/* Begin PBXNativeTarget section */
		14ED25592B81B5B9003515C0 /* myBank-v0 */ = {
			isa = PBXNativeTarget;
			buildConfigurationList = 14ED256E2B81B5BA003515C0 /* Build configuration list for PBXNativeTarget "myBank-v0" */;
			buildPhases = (
				14ED25562B81B5B9003515C0 /* Sources */,
				14ED25572B81B5B9003515C0 /* Frameworks */,
				14ED25582B81B5B9003515C0 /* Resources */,
			);
			buildRules = (
			);
			dependencies = (
			);
			name = "myBank-v0";
			packageProductDependencies = (
				14ED25822B81B67F003515C0 /* Lottie */,
			);
			productName = "myBank-v0";
			productReference = 14ED255A2B81B5B9003515C0 /* myBank-v0.app */;
			productType = "com.apple.product-type.application";
		};
/* End PBXNativeTarget section */

/* Begin PBXProject section */
		14ED25522B81B5B8003515C0 /* Project object */ = {
			isa = PBXProject;
			attributes = {
				BuildIndependentTargetsInParallel = 1;
				LastSwiftUpdateCheck = 1520;
				LastUpgradeCheck = 1520;
				ORGANIZATIONNAME = "My Bank";
				TargetAttributes = {
					14ED25592B81B5B9003515C0 = {
						CreatedOnToolsVersion = 15.2;
					};
				};
			};
			buildConfigurationList = 14ED25552B81B5B8003515C0 /* Build configuration list for PBXProject "myBank-v0" */;
			compatibilityVersion = "Xcode 14.0";
			developmentRegion = en;
			hasScannedForEncodings = 0;
			knownRegions = (
				en,
				Base,
			);
			mainGroup = 14ED25512B81B5B8003515C0;
			packageReferences = (
				14ED25812B81B67F003515C0 /* XCRemoteSwiftPackageReference "lottie-spm" */,
			);
			productRefGroup = 14ED255B2B81B5B9003515C0 /* Products */;
			projectDirPath = "";
			projectRoot = "";
			targets = (
				14ED25592B81B5B9003515C0 /* myBank-v0 */,
			);
		};
/* End PBXProject section */

/* Begin PBXResourcesBuildPhase section */
		14ED25582B81B5B9003515C0 /* Resources */ = {
			isa = PBXResourcesBuildPhase;
			buildActionMask = 2147483647;
			files = (
				14ED25C42B81EBB1003515C0 /* userMock.json in Resources */,
				14ED256A2B81B5BA003515C0 /* LaunchScreen.storyboard in Resources */,
				14ED25672B81B5BA003515C0 /* Assets.xcassets in Resources */,
				14ED25772B81B5F1003515C0 /* Splash.storyboard in Resources */,
				14ED25B12B81CCE6003515C0 /* Dashboard.storyboard in Resources */,
				14FABBF42B833C4E0024202E /* offersMock.json in Resources */,
				14ED25972B81BF2E003515C0 /* Onboarding.storyboard in Resources */,
				14ED25C12B81E753003515C0 /* Transfers.storyboard in Resources */,
				14ED258F2B81BD30003515C0 /* Login.storyboard in Resources */,
				14ED25A82B81CA30003515C0 /* TabBar.storyboard in Resources */,
				14ED25852B81B6A8003515C0 /* splash_animation.json in Resources */,
				14FABBE12B8334E00024202E /* Offers.storyboard in Resources */,
			);
			runOnlyForDeploymentPostprocessing = 0;
		};
/* End PBXResourcesBuildPhase section */

/* Begin PBXSourcesBuildPhase section */
		14ED25562B81B5B9003515C0 /* Sources */ = {
			isa = PBXSourcesBuildPhase;
			buildActionMask = 2147483647;
			files = (
				14ED25A32B81C9C0003515C0 /* TabBarViewControllerBuilder.swift in Sources */,
				14ED25AB2B81CACB003515C0 /* DashboardView.swift in Sources */,
				14FABBEB2B8339140024202E /* ListOffersAdapter.swift in Sources */,
				14ED258B2B81BB15003515C0 /* Configuration.swift in Sources */,
				14FABBE82B8335200024202E /* OffersViewControllerBuilder.swift in Sources */,
				14ED25D62B82C5CF003515C0 /* ImageDownloadManager.swift in Sources */,
				14FABBEE2B833B510024202E /* OffersMock.swift in Sources */,
				14ED259E2B81BF5E003515C0 /* OnboardingViewControllerBuilder.swift in Sources */,
				14ED25CF2B81F680003515C0 /* StringManager.swift in Sources */,
				14ED25912B81BD41003515C0 /* LoginView.swift in Sources */,
				14FABBF22B833BBF0024202E /* Offer.swift in Sources */,
				14FABBF62B833F610024202E /* ListOfferCollectionViewCell.swift in Sources */,
				14ED25CD2B81ED72003515C0 /* ServicesHandlers.swift in Sources */,
				14ED255E2B81B5B9003515C0 /* AppDelegate.swift in Sources */,
				14ED25D22B81FB6D003515C0 /* User.swift in Sources */,
				14ED259A2B81BF4A003515C0 /* OnboardingView.swift in Sources */,
				14ED25AF2B81CAE1003515C0 /* DashboardViewControllerBuilder.swift in Sources */,
				14ED25602B81B5B9003515C0 /* SceneDelegate.swift in Sources */,
				14ED25B62B81D61C003515C0 /* GestureManager.swift in Sources */,
				14ED25C82B81ECCD003515C0 /* FileManager.swift in Sources */,
				14ED25952B81BD55003515C0 /* LoginViewControllerBuilder.swift in Sources */,
				14ED25C62B81EC7F003515C0 /* UserResponse.swift in Sources */,
				14ED25932B81BD49003515C0 /* LoginViewController.swift in Sources */,
				14ED25B82B81D81F003515C0 /* KeyboardManager.swift in Sources */,
				14ED25BB2B81E6AF003515C0 /* TransfersView.swift in Sources */,
				14ED257C2B81B623003515C0 /* SplashView.swift in Sources */,
				14ED257E2B81B640003515C0 /* SplashViewController.swift in Sources */,
				14FABBF92B8344840024202E /* ErrorCollectionViewCell.swift in Sources */,
				14ED259C2B81BF52003515C0 /* OnboardingViewController.swift in Sources */,
				14ED25BD2B81E6B7003515C0 /* TransfersViewController.swift in Sources */,
				14ED25A02B81C23E003515C0 /* Memories.swift in Sources */,
				14FABBE62B8335140024202E /* OffersViewController.swift in Sources */,
				14ED25A62B81C9D2003515C0 /* TabBarViewController.swift in Sources */,
				14ED25CB2B81ED3B003515C0 /* UserMock.swift in Sources */,
				14FABBF02B833B810024202E /* OffersResponse.swift in Sources */,
				14FABBE42B8334FC0024202E /* OffersView.swift in Sources */,
				14ED25802B81B657003515C0 /* SplashViewControllerBuilder.swift in Sources */,
				14ED25BF2B81E6C1003515C0 /* TransfersViewControllerBuilder.swift in Sources */,
				14ED25AD2B81CAD8003515C0 /* DashboardViewController.swift in Sources */,
			);
			runOnlyForDeploymentPostprocessing = 0;
		};
/* End PBXSourcesBuildPhase section */

/* Begin PBXVariantGroup section */
		14ED25682B81B5BA003515C0 /* LaunchScreen.storyboard */ = {
			isa = PBXVariantGroup;
			children = (
				14ED25692B81B5BA003515C0 /* Base */,
			);
			name = LaunchScreen.storyboard;
			sourceTree = "<group>";
		};
/* End PBXVariantGroup section */

/* Begin XCBuildConfiguration section */
		14ED256C2B81B5BA003515C0 /* Debug */ = {
			isa = XCBuildConfiguration;
			buildSettings = {
				ALWAYS_SEARCH_USER_PATHS = NO;
				ASSETCATALOG_COMPILER_GENERATE_SWIFT_ASSET_SYMBOL_EXTENSIONS = YES;
				CLANG_ANALYZER_NONNULL = YES;
				CLANG_ANALYZER_NUMBER_OBJECT_CONVERSION = YES_AGGRESSIVE;
				CLANG_CXX_LANGUAGE_STANDARD = "gnu++20";
				CLANG_ENABLE_MODULES = YES;
				CLANG_ENABLE_OBJC_ARC = YES;
				CLANG_ENABLE_OBJC_WEAK = YES;
				CLANG_WARN_BLOCK_CAPTURE_AUTORELEASING = YES;
				CLANG_WARN_BOOL_CONVERSION = YES;
				CLANG_WARN_COMMA = YES;
				CLANG_WARN_CONSTANT_CONVERSION = YES;
				CLANG_WARN_DEPRECATED_OBJC_IMPLEMENTATIONS = YES;
				CLANG_WARN_DIRECT_OBJC_ISA_USAGE = YES_ERROR;
				CLANG_WARN_DOCUMENTATION_COMMENTS = YES;
				CLANG_WARN_EMPTY_BODY = YES;
				CLANG_WARN_ENUM_CONVERSION = YES;
				CLANG_WARN_INFINITE_RECURSION = YES;
				CLANG_WARN_INT_CONVERSION = YES;
				CLANG_WARN_NON_LITERAL_NULL_CONVERSION = YES;
				CLANG_WARN_OBJC_IMPLICIT_RETAIN_SELF = YES;
				CLANG_WARN_OBJC_LITERAL_CONVERSION = YES;
				CLANG_WARN_OBJC_ROOT_CLASS = YES_ERROR;
				CLANG_WARN_QUOTED_INCLUDE_IN_FRAMEWORK_HEADER = YES;
				CLANG_WARN_RANGE_LOOP_ANALYSIS = YES;
				CLANG_WARN_STRICT_PROTOTYPES = YES;
				CLANG_WARN_SUSPICIOUS_MOVE = YES;
				CLANG_WARN_UNGUARDED_AVAILABILITY = YES_AGGRESSIVE;
				CLANG_WARN_UNREACHABLE_CODE = YES;
				CLANG_WARN__DUPLICATE_METHOD_MATCH = YES;
				COPY_PHASE_STRIP = NO;
				DEBUG_INFORMATION_FORMAT = dwarf;
				ENABLE_STRICT_OBJC_MSGSEND = YES;
				ENABLE_TESTABILITY = YES;
				ENABLE_USER_SCRIPT_SANDBOXING = YES;
				GCC_C_LANGUAGE_STANDARD = gnu17;
				GCC_DYNAMIC_NO_PIC = NO;
				GCC_NO_COMMON_BLOCKS = YES;
				GCC_OPTIMIZATION_LEVEL = 0;
				GCC_PREPROCESSOR_DEFINITIONS = (
					"DEBUG=1",
					"$(inherited)",
				);
				GCC_WARN_64_TO_32_BIT_CONVERSION = YES;
				GCC_WARN_ABOUT_RETURN_TYPE = YES_ERROR;
				GCC_WARN_UNDECLARED_SELECTOR = YES;
				GCC_WARN_UNINITIALIZED_AUTOS = YES_AGGRESSIVE;
				GCC_WARN_UNUSED_FUNCTION = YES;
				GCC_WARN_UNUSED_VARIABLE = YES;
				IPHONEOS_DEPLOYMENT_TARGET = 17.2;
				LOCALIZATION_PREFERS_STRING_CATALOGS = YES;
				MTL_ENABLE_DEBUG_INFO = INCLUDE_SOURCE;
				MTL_FAST_MATH = YES;
				ONLY_ACTIVE_ARCH = YES;
				SDKROOT = iphoneos;
				SWIFT_ACTIVE_COMPILATION_CONDITIONS = "DEBUG $(inherited)";
				SWIFT_OPTIMIZATION_LEVEL = "-Onone";
			};
			name = Debug;
		};
		14ED256D2B81B5BA003515C0 /* Release */ = {
			isa = XCBuildConfiguration;
			buildSettings = {
				ALWAYS_SEARCH_USER_PATHS = NO;
				ASSETCATALOG_COMPILER_GENERATE_SWIFT_ASSET_SYMBOL_EXTENSIONS = YES;
				CLANG_ANALYZER_NONNULL = YES;
				CLANG_ANALYZER_NUMBER_OBJECT_CONVERSION = YES_AGGRESSIVE;
				CLANG_CXX_LANGUAGE_STANDARD = "gnu++20";
				CLANG_ENABLE_MODULES = YES;
				CLANG_ENABLE_OBJC_ARC = YES;
				CLANG_ENABLE_OBJC_WEAK = YES;
				CLANG_WARN_BLOCK_CAPTURE_AUTORELEASING = YES;
				CLANG_WARN_BOOL_CONVERSION = YES;
				CLANG_WARN_COMMA = YES;
				CLANG_WARN_CONSTANT_CONVERSION = YES;
				CLANG_WARN_DEPRECATED_OBJC_IMPLEMENTATIONS = YES;
				CLANG_WARN_DIRECT_OBJC_ISA_USAGE = YES_ERROR;
				CLANG_WARN_DOCUMENTATION_COMMENTS = YES;
				CLANG_WARN_EMPTY_BODY = YES;
				CLANG_WARN_ENUM_CONVERSION = YES;
				CLANG_WARN_INFINITE_RECURSION = YES;
				CLANG_WARN_INT_CONVERSION = YES;
				CLANG_WARN_NON_LITERAL_NULL_CONVERSION = YES;
				CLANG_WARN_OBJC_IMPLICIT_RETAIN_SELF = YES;
				CLANG_WARN_OBJC_LITERAL_CONVERSION = YES;
				CLANG_WARN_OBJC_ROOT_CLASS = YES_ERROR;
				CLANG_WARN_QUOTED_INCLUDE_IN_FRAMEWORK_HEADER = YES;
				CLANG_WARN_RANGE_LOOP_ANALYSIS = YES;
				CLANG_WARN_STRICT_PROTOTYPES = YES;
				CLANG_WARN_SUSPICIOUS_MOVE = YES;
				CLANG_WARN_UNGUARDED_AVAILABILITY = YES_AGGRESSIVE;
				CLANG_WARN_UNREACHABLE_CODE = YES;
				CLANG_WARN__DUPLICATE_METHOD_MATCH = YES;
				COPY_PHASE_STRIP = NO;
				DEBUG_INFORMATION_FORMAT = "dwarf-with-dsym";
				ENABLE_NS_ASSERTIONS = NO;
				ENABLE_STRICT_OBJC_MSGSEND = YES;
				ENABLE_USER_SCRIPT_SANDBOXING = YES;
				GCC_C_LANGUAGE_STANDARD = gnu17;
				GCC_NO_COMMON_BLOCKS = YES;
				GCC_WARN_64_TO_32_BIT_CONVERSION = YES;
				GCC_WARN_ABOUT_RETURN_TYPE = YES_ERROR;
				GCC_WARN_UNDECLARED_SELECTOR = YES;
				GCC_WARN_UNINITIALIZED_AUTOS = YES_AGGRESSIVE;
				GCC_WARN_UNUSED_FUNCTION = YES;
				GCC_WARN_UNUSED_VARIABLE = YES;
				IPHONEOS_DEPLOYMENT_TARGET = 17.2;
				LOCALIZATION_PREFERS_STRING_CATALOGS = YES;
				MTL_ENABLE_DEBUG_INFO = NO;
				MTL_FAST_MATH = YES;
				SDKROOT = iphoneos;
				SWIFT_COMPILATION_MODE = wholemodule;
				VALIDATE_PRODUCT = YES;
			};
			name = Release;
		};
		14ED256F2B81B5BA003515C0 /* Debug */ = {
			isa = XCBuildConfiguration;
			buildSettings = {
				ASSETCATALOG_COMPILER_APPICON_NAME = AppIcon;
				ASSETCATALOG_COMPILER_GLOBAL_ACCENT_COLOR_NAME = AccentColor;
				CODE_SIGN_STYLE = Automatic;
				CURRENT_PROJECT_VERSION = 1;
				GENERATE_INFOPLIST_FILE = YES;
				INFOPLIST_FILE = "myBank-v0/Info.plist";
				INFOPLIST_KEY_CFBundleDisplayName = "My bank";
				INFOPLIST_KEY_LSApplicationCategoryType = "public.app-category.finance";
				INFOPLIST_KEY_UIApplicationSupportsIndirectInputEvents = YES;
				INFOPLIST_KEY_UILaunchStoryboardName = LaunchScreen;
				INFOPLIST_KEY_UIMainStoryboardFile = Splash;
				INFOPLIST_KEY_UISupportedInterfaceOrientations = "UIInterfaceOrientationLandscapeLeft UIInterfaceOrientationLandscapeRight UIInterfaceOrientationPortrait";
				INFOPLIST_KEY_UISupportedInterfaceOrientations_iPad = "UIInterfaceOrientationLandscapeLeft UIInterfaceOrientationLandscapeRight UIInterfaceOrientationPortrait UIInterfaceOrientationPortraitUpsideDown";
				LD_RUNPATH_SEARCH_PATHS = (
					"$(inherited)",
					"@executable_path/Frameworks",
				);
				MARKETING_VERSION = 0.0.1;
				PRODUCT_BUNDLE_IDENTIFIER = "com.dom.myBank-v0";
				PRODUCT_NAME = "$(TARGET_NAME)";
				SWIFT_EMIT_LOC_STRINGS = YES;
				SWIFT_VERSION = 5.0;
				TARGETED_DEVICE_FAMILY = "1,2";
			};
			name = Debug;
		};
		14ED25702B81B5BA003515C0 /* Release */ = {
			isa = XCBuildConfiguration;
			buildSettings = {
				ASSETCATALOG_COMPILER_APPICON_NAME = AppIcon;
				ASSETCATALOG_COMPILER_GLOBAL_ACCENT_COLOR_NAME = AccentColor;
				CODE_SIGN_STYLE = Automatic;
				CURRENT_PROJECT_VERSION = 1;
				GENERATE_INFOPLIST_FILE = YES;
				INFOPLIST_FILE = "myBank-v0/Info.plist";
				INFOPLIST_KEY_CFBundleDisplayName = "My bank";
				INFOPLIST_KEY_LSApplicationCategoryType = "public.app-category.finance";
				INFOPLIST_KEY_UIApplicationSupportsIndirectInputEvents = YES;
				INFOPLIST_KEY_UILaunchStoryboardName = LaunchScreen;
				INFOPLIST_KEY_UIMainStoryboardFile = Splash;
				INFOPLIST_KEY_UISupportedInterfaceOrientations = "UIInterfaceOrientationLandscapeLeft UIInterfaceOrientationLandscapeRight UIInterfaceOrientationPortrait";
				INFOPLIST_KEY_UISupportedInterfaceOrientations_iPad = "UIInterfaceOrientationLandscapeLeft UIInterfaceOrientationLandscapeRight UIInterfaceOrientationPortrait UIInterfaceOrientationPortraitUpsideDown";
				LD_RUNPATH_SEARCH_PATHS = (
					"$(inherited)",
					"@executable_path/Frameworks",
				);
				MARKETING_VERSION = 0.0.1;
				PRODUCT_BUNDLE_IDENTIFIER = "com.dom.myBank-v0";
				PRODUCT_NAME = "$(TARGET_NAME)";
				SWIFT_EMIT_LOC_STRINGS = YES;
				SWIFT_VERSION = 5.0;
				TARGETED_DEVICE_FAMILY = "1,2";
			};
			name = Release;
		};
/* End XCBuildConfiguration section */

/* Begin XCConfigurationList section */
		14ED25552B81B5B8003515C0 /* Build configuration list for PBXProject "myBank-v0" */ = {
			isa = XCConfigurationList;
			buildConfigurations = (
				14ED256C2B81B5BA003515C0 /* Debug */,
				14ED256D2B81B5BA003515C0 /* Release */,
			);
			defaultConfigurationIsVisible = 0;
			defaultConfigurationName = Release;
		};
		14ED256E2B81B5BA003515C0 /* Build configuration list for PBXNativeTarget "myBank-v0" */ = {
			isa = XCConfigurationList;
			buildConfigurations = (
				14ED256F2B81B5BA003515C0 /* Debug */,
				14ED25702B81B5BA003515C0 /* Release */,
			);
			defaultConfigurationIsVisible = 0;
			defaultConfigurationName = Release;
		};
/* End XCConfigurationList section */

/* Begin XCRemoteSwiftPackageReference section */
		14ED25812B81B67F003515C0 /* XCRemoteSwiftPackageReference "lottie-spm" */ = {
			isa = XCRemoteSwiftPackageReference;
			repositoryURL = "https://github.com/airbnb/lottie-spm.git";
			requirement = {
				kind = upToNextMajorVersion;
				minimumVersion = 4.4.0;
			};
		};
/* End XCRemoteSwiftPackageReference section */

/* Begin XCSwiftPackageProductDependency section */
		14ED25822B81B67F003515C0 /* Lottie */ = {
			isa = XCSwiftPackageProductDependency;
			package = 14ED25812B81B67F003515C0 /* XCRemoteSwiftPackageReference "lottie-spm" */;
			productName = Lottie;
		};
/* End XCSwiftPackageProductDependency section */
	};
	rootObject = 14ED25522B81B5B8003515C0 /* Project object */;
}
